
Microsoft Visual Studio Solution File, Format Version 12.00
# Visual Studio Version 17
VisualStudioVersion = 17.11.35303.130
MinimumVisualStudioVersion = 10.0.40219.1
Project("{FAE04EC0-301F-11D3-BF4B-00C04F79EFBC}") = "MauiApp13", "MauiApp13.csproj", "{74EBB06D-44A6-4029-9776-2903C83271D1}"
EndProject
Global
	GlobalSection(SolutionConfigurationPlatforms) = preSolution
		Debug|Any CPU = Debug|Any CPU
		Release|Any CPU = Release|Any CPU
	EndGlobalSection
	GlobalSection(ProjectConfigurationPlatforms) = postSolution
		{74EBB06D-44A6-4029-9776-2903C83271D1}.Debug|Any CPU.ActiveCfg = Debug|Any CPU
		{74EBB06D-44A6-4029-9776-2903C83271D1}.Debug|Any CPU.Build.0 = Debug|Any CPU
		{74EBB06D-44A6-4029-9776-2903C83271D1}.Debug|Any CPU.Deploy.0 = Debug|Any CPU
		{74EBB06D-44A6-4029-9776-2903C83271D1}.Release|Any CPU.ActiveCfg = Release|Any CPU
		{74EBB06D-44A6-4029-9776-2903C83271D1}.Release|Any CPU.Build.0 = Release|Any CPU
		{74EBB06D-44A6-4029-9776-2903C83271D1}.Release|Any CPU.Deploy.0 = Release|Any CPU
	EndGlobalSection
	GlobalSection(SolutionProperties) = preSolution
		HideSolutionNode = FALSE
	EndGlobalSection
	GlobalSection(ExtensibilityGlobals) = postSolution
		SolutionGuid = {F60A9BB0-BA4F-4D60-A476-5630E8E73131}
	EndGlobalSection
EndGlobal
